
Microsoft Visual Studio Solution File, Format Version 12.00
# Visual Studio Version 17
VisualStudioVersion = 17.7.34031.279
MinimumVisualStudioVersion = 10.0.40219.1
Project("{FAE04EC0-301F-11D3-BF4B-00C04F79EFBC}") = "MyFirstApp", "MyFirstApp\MyFirstApp.csproj", "{FF4CF021-7677-44CB-8A14-5A0DE52D9825}"
EndProject
Global
	GlobalSection(SolutionConfigurationPlatforms) = preSolution
		Debug|Any CPU = Debug|Any CPU
		Release|Any CPU = Release|Any CPU
	EndGlobalSection
	GlobalSection(ProjectConfigurationPlatforms) = postSolution
		{FF4CF021-7677-44CB-8A14-5A0DE52D9825}.Debug|Any CPU.ActiveCfg = Debug|Any CPU
		{FF4CF021-7677-44CB-8A14-5A0DE52D9825}.Debug|Any CPU.Build.0 = Debug|Any CPU
		{FF4CF021-7677-44CB-8A14-5A0DE52D9825}.Release|Any CPU.ActiveCfg = Release|Any CPU
		{FF4CF021-7677-44CB-8A14-5A0DE52D9825}.Release|Any CPU.Build.0 = Release|Any CPU
	EndGlobalSection
	GlobalSection(SolutionProperties) = preSolution
		HideSolutionNode = FALSE
	EndGlobalSection
	GlobalSection(ExtensibilityGlobals) = postSolution
		SolutionGuid = {4DE9C1E5-EAD7-49DA-AAD2-78E241034F45}
	EndGlobalSection
EndGlobal
